{
    "version": 3,
    "terraform_version": "0.11.3",
    "serial": 23,
    "lineage": "b2f10c91-700a-43b8-bf45-c4f6ff90f61d",
    "modules": [
        {
            "path": [
                "root"
            ],
            "outputs": {},
            "resources": {
                "aws_codedeploy_app.analytics_app": {
                    "type": "aws_codedeploy_app",
                    "depends_on": [],
                    "primary": {
                        "id": "61ca29b2-2394-4157-91cd-3f0c5c03887a:analytics_app",
                        "attributes": {
                            "id": "61ca29b2-2394-4157-91cd-3f0c5c03887a:analytics_app",
                            "name": "analytics_app"
                        },
                        "meta": {},
                        "tainted": false
                    },
                    "deposed": [],
                    "provider": "provider.aws"
                },
                "aws_codedeploy_deployment_config.analytics_deployment_config": {
                    "type": "aws_codedeploy_deployment_config",
                    "depends_on": [],
                    "primary": {
                        "id": "analytics_deployment_config",
                        "attributes": {
                            "deployment_config_id": "868522b4-fb3c-4bdb-9d62-ffd2a2d1c1a7",
                            "deployment_config_name": "analytics_deployment_config",
                            "id": "analytics_deployment_config",
                            "minimum_healthy_hosts.#": "1",
                            "minimum_healthy_hosts.0.type": "HOST_COUNT",
                            "minimum_healthy_hosts.0.value": "2"
                        },
                        "meta": {},
                        "tainted": false
                    },
                    "deposed": [],
                    "provider": "provider.aws"
                },
                "aws_codedeploy_deployment_group.analytics_group": {
                    "type": "aws_codedeploy_deployment_group",
                    "depends_on": [
                        "aws_codedeploy_app.analytics_app",
                        "aws_iam_role.codedeploy_role_name"
                    ],
                    "primary": {
                        "id": "3096c566-9afc-45c5-9c04-679cebd46646",
                        "attributes": {
                            "alarm_configuration.#": "0",
                            "app_name": "analytics_app",
                            "auto_rollback_configuration.#": "1",
                            "auto_rollback_configuration.0.enabled": "true",
                            "auto_rollback_configuration.0.events.#": "1",
                            "auto_rollback_configuration.0.events.135881253": "DEPLOYMENT_FAILURE",
                            "autoscaling_groups.#": "0",
                            "blue_green_deployment_config.#": "0",
                            "deployment_config_name": "analytics_deployment_config",
                            "deployment_group_name": "analytics_group",
                            "deployment_style.#": "1",
                            "deployment_style.0.deployment_option": "WITHOUT_TRAFFIC_CONTROL",
                            "deployment_style.0.deployment_type": "IN_PLACE",
                            "ec2_tag_filter.#": "1",
                            "ec2_tag_filter.2721142353.key": "CodeDeploy",
                            "ec2_tag_filter.2721142353.type": "KEY_AND_VALUE",
                            "ec2_tag_filter.2721142353.value": "analytics",
                            "id": "3096c566-9afc-45c5-9c04-679cebd46646",
                            "load_balancer_info.#": "0",
                            "on_premises_instance_tag_filter.#": "0",
                            "service_role_arn": "arn:aws:iam::803214338469:role/codedeploy_role_name",
                            "trigger_configuration.#": "0"
                        },
                        "meta": {},
                        "tainted": false
                    },
                    "deposed": [],
                    "provider": "provider.aws"
                },
                "aws_db_instance.default": {
                    "type": "aws_db_instance",
                    "depends_on": [],
                    "primary": {
                        "id": "terraform-20180324113700914900000001",
                        "attributes": {
                            "address": "terraform-20180324113700914900000001.cp2s0rpitlmi.us-east-1.rds.amazonaws.com",
                            "allocated_storage": "10",
                            "arn": "arn:aws:rds:us-east-1:803214338469:db:terraform-20180324113700914900000001",
                            "auto_minor_version_upgrade": "true",
                            "availability_zone": "us-east-1c",
                            "backup_retention_period": "0",
                            "backup_window": "04:01-04:31",
                            "ca_cert_identifier": "rds-ca-2015",
                            "copy_tags_to_snapshot": "false",
                            "db_subnet_group_name": "default",
                            "endpoint": "terraform-20180324113700914900000001.cp2s0rpitlmi.us-east-1.rds.amazonaws.com:3306",
                            "engine": "mysql",
                            "engine_version": "5.6.37",
                            "hosted_zone_id": "Z2R2ITUGPM61AM",
                            "iam_database_authentication_enabled": "false",
                            "id": "terraform-20180324113700914900000001",
                            "identifier": "terraform-20180324113700914900000001",
                            "instance_class": "db.t2.micro",
                            "iops": "0",
                            "kms_key_id": "",
                            "license_model": "general-public-license",
                            "maintenance_window": "mon:10:13-mon:10:43",
                            "monitoring_interval": "0",
                            "multi_az": "false",
                            "name": "mydb",
                            "option_group_name": "default:mysql-5-6",
                            "parameter_group_name": "default.mysql5.6",
                            "password": "Bar-1234",
                            "port": "3306",
                            "publicly_accessible": "false",
                            "replicas.#": "0",
                            "replicate_source_db": "",
                            "resource_id": "db-PR5DPLAI5VJKC4PNWYI3SX3ZKI",
                            "security_group_names.#": "0",
                            "skip_final_snapshot": "false",
                            "status": "available",
                            "storage_encrypted": "false",
                            "storage_type": "gp2",
                            "tags.%": "0",
                            "timezone": "",
                            "username": "foo",
                            "vpc_security_group_ids.#": "1",
                            "vpc_security_group_ids.761674874": "sg-a78b77d5"
                        },
                        "meta": {
                            "e2bfb730-ecaa-11e6-8f88-34363bc7c4c0": {
                                "create": 2400000000000,
                                "delete": 2400000000000,
                                "update": 4800000000000
                            }
                        },
                        "tainted": false
                    },
                    "deposed": [],
                    "provider": "provider.aws"
                },
                "aws_iam_role.codedeploy_role_name": {
                    "type": "aws_iam_role",
                    "depends_on": [],
                    "primary": {
                        "id": "codedeploy_role_name",
                        "attributes": {
                            "arn": "arn:aws:iam::803214338469:role/codedeploy_role_name",
                            "assume_role_policy": "{\"Version\":\"2012-10-17\",\"Statement\":[{\"Effect\":\"Allow\",\"Principal\":{\"Service\":[\"codedeploy.amazonaws.com\",\"ec2.amazonaws.com\"]},\"Action\":\"sts:AssumeRole\"}]}",
                            "create_date": "2018-03-24T07:52:36Z",
                            "force_detach_policies": "false",
                            "id": "codedeploy_role_name",
                            "name": "codedeploy_role_name",
                            "path": "/",
                            "unique_id": "AROAJY7FVG7JPFLZKM54O"
                        },
                        "meta": {},
                        "tainted": false
                    },
                    "deposed": [],
                    "provider": "provider.aws"
                },
                "aws_instance.priinstance.0": {
                    "type": "aws_instance",
                    "depends_on": [
                        "aws_security_group.instance",
                        "aws_subnet.private_subnet_a"
                    ],
                    "primary": {
                        "id": "i-0b560452f0482df56",
                        "attributes": {
                            "ami": "ami-66506c1c",
                            "associate_public_ip_address": "true",
                            "availability_zone": "us-east-1b",
                            "disable_api_termination": "false",
                            "ebs_block_device.#": "0",
                            "ebs_optimized": "false",
                            "ephemeral_block_device.#": "0",
                            "get_password_data": "false",
                            "iam_instance_profile": "",
                            "id": "i-0b560452f0482df56",
                            "instance_state": "running",
                            "instance_type": "t2.micro",
                            "ipv6_addresses.#": "0",
                            "key_name": "",
                            "monitoring": "false",
                            "network_interface.#": "0",
                            "network_interface_id": "eni-df4cc55e",
                            "password_data": "",
                            "placement_group": "",
                            "primary_network_interface_id": "eni-df4cc55e",
                            "private_dns": "ip-10-0-1-46.ec2.internal",
                            "private_ip": "10.0.1.46",
                            "public_dns": "",
                            "public_ip": "35.171.162.99",
                            "root_block_device.#": "1",
                            "root_block_device.0.delete_on_termination": "true",
                            "root_block_device.0.iops": "100",
                            "root_block_device.0.volume_id": "vol-0e07f0a3dee3b5382",
                            "root_block_device.0.volume_size": "8",
                            "root_block_device.0.volume_type": "gp2",
                            "security_groups.#": "0",
                            "source_dest_check": "true",
                            "subnet_id": "subnet-a7172988",
                            "tags.%": "1",
                            "tags.Name": "priinstance",
                            "tenancy": "default",
                            "volume_tags.%": "0",
                            "vpc_security_group_ids.#": "1",
                            "vpc_security_group_ids.1219302251": "sg-be005bc8"
                        },
                        "meta": {
                            "e2bfb730-ecaa-11e6-8f88-34363bc7c4c0": {
                                "create": 600000000000,
                                "delete": 1200000000000,
                                "update": 600000000000
                            },
                            "schema_version": "1"
                        },
                        "tainted": false
                    },
                    "deposed": [],
                    "provider": "provider.aws"
                },
                "aws_instance.priinstance.1": {
                    "type": "aws_instance",
                    "depends_on": [
                        "aws_security_group.instance",
                        "aws_subnet.private_subnet_a"
                    ],
                    "primary": {
                        "id": "i-0b845a9f455bfe89d",
                        "attributes": {
                            "ami": "ami-66506c1c",
                            "associate_public_ip_address": "true",
                            "availability_zone": "us-east-1b",
                            "disable_api_termination": "false",
                            "ebs_block_device.#": "0",
                            "ebs_optimized": "false",
                            "ephemeral_block_device.#": "0",
                            "get_password_data": "false",
                            "iam_instance_profile": "",
                            "id": "i-0b845a9f455bfe89d",
                            "instance_state": "running",
                            "instance_type": "t2.micro",
                            "ipv6_addresses.#": "0",
                            "key_name": "",
                            "monitoring": "false",
                            "network_interface.#": "0",
                            "network_interface_id": "eni-d040c951",
                            "password_data": "",
                            "placement_group": "",
                            "primary_network_interface_id": "eni-d040c951",
                            "private_dns": "ip-10-0-1-154.ec2.internal",
                            "private_ip": "10.0.1.154",
                            "public_dns": "",
                            "public_ip": "18.233.147.44",
                            "root_block_device.#": "1",
                            "root_block_device.0.delete_on_termination": "true",
                            "root_block_device.0.iops": "100",
                            "root_block_device.0.volume_id": "vol-07e3c6d36f27022cf",
                            "root_block_device.0.volume_size": "8",
                            "root_block_device.0.volume_type": "gp2",
                            "security_groups.#": "0",
                            "source_dest_check": "true",
                            "subnet_id": "subnet-a7172988",
                            "tags.%": "1",
                            "tags.Name": "priinstance",
                            "tenancy": "default",
                            "volume_tags.%": "0",
                            "vpc_security_group_ids.#": "1",
                            "vpc_security_group_ids.1219302251": "sg-be005bc8"
                        },
                        "meta": {
                            "e2bfb730-ecaa-11e6-8f88-34363bc7c4c0": {
                                "create": 600000000000,
                                "delete": 1200000000000,
                                "update": 600000000000
                            },
                            "schema_version": "1"
                        },
                        "tainted": false
                    },
                    "deposed": [],
                    "provider": "provider.aws"
                },
                "aws_instance.pubinstance.0": {
                    "type": "aws_instance",
                    "depends_on": [
                        "aws_security_group.instance",
                        "aws_subnet.public_subnet_a"
                    ],
                    "primary": {
                        "id": "i-0096748d3d7a55277",
                        "attributes": {
                            "ami": "ami-66506c1c",
                            "associate_public_ip_address": "true",
                            "availability_zone": "us-east-1a",
                            "disable_api_termination": "false",
                            "ebs_block_device.#": "0",
                            "ebs_optimized": "false",
                            "ephemeral_block_device.#": "0",
                            "get_password_data": "false",
                            "iam_instance_profile": "",
                            "id": "i-0096748d3d7a55277",
                            "instance_state": "running",
                            "instance_type": "t2.micro",
                            "ipv6_addresses.#": "0",
                            "key_name": "",
                            "monitoring": "false",
                            "network_interface.#": "0",
                            "network_interface_id": "eni-9541a816",
                            "password_data": "",
                            "placement_group": "",
                            "primary_network_interface_id": "eni-9541a816",
                            "private_dns": "ip-10-0-0-62.ec2.internal",
                            "private_ip": "10.0.0.62",
                            "public_dns": "",
                            "public_ip": "35.153.31.252",
                            "root_block_device.#": "1",
                            "root_block_device.0.delete_on_termination": "true",
                            "root_block_device.0.iops": "100",
                            "root_block_device.0.volume_id": "vol-07a217fa9f64b9529",
                            "root_block_device.0.volume_size": "8",
                            "root_block_device.0.volume_type": "gp2",
                            "security_groups.#": "0",
                            "source_dest_check": "true",
                            "subnet_id": "subnet-fbe6f49f",
                            "tags.%": "1",
                            "tags.Name": "pubinstance",
                            "tenancy": "default",
                            "user_data": "4430fd6498339061effa6d27ccf341a1e94569d7",
                            "volume_tags.%": "0",
                            "vpc_security_group_ids.#": "1",
                            "vpc_security_group_ids.1219302251": "sg-be005bc8"
                        },
                        "meta": {
                            "e2bfb730-ecaa-11e6-8f88-34363bc7c4c0": {
                                "create": 600000000000,
                                "delete": 1200000000000,
                                "update": 600000000000
                            },
                            "schema_version": "1"
                        },
                        "tainted": false
                    },
                    "deposed": [],
                    "provider": "provider.aws"
                },
                "aws_instance.pubinstance.1": {
                    "type": "aws_instance",
                    "depends_on": [
                        "aws_security_group.instance",
                        "aws_subnet.public_subnet_a"
                    ],
                    "primary": {
                        "id": "i-007b243d7a3dd799e",
                        "attributes": {
                            "ami": "ami-66506c1c",
                            "associate_public_ip_address": "true",
                            "availability_zone": "us-east-1a",
                            "disable_api_termination": "false",
                            "ebs_block_device.#": "0",
                            "ebs_optimized": "false",
                            "ephemeral_block_device.#": "0",
                            "get_password_data": "false",
                            "iam_instance_profile": "",
                            "id": "i-007b243d7a3dd799e",
                            "instance_state": "running",
                            "instance_type": "t2.micro",
                            "ipv6_addresses.#": "0",
                            "key_name": "",
                            "monitoring": "false",
                            "network_interface.#": "0",
                            "network_interface_id": "eni-8444ad07",
                            "password_data": "",
                            "placement_group": "",
                            "primary_network_interface_id": "eni-8444ad07",
                            "private_dns": "ip-10-0-0-150.ec2.internal",
                            "private_ip": "10.0.0.150",
                            "public_dns": "",
                            "public_ip": "35.170.57.239",
                            "root_block_device.#": "1",
                            "root_block_device.0.delete_on_termination": "true",
                            "root_block_device.0.iops": "100",
                            "root_block_device.0.volume_id": "vol-0d656eb727dc6a368",
                            "root_block_device.0.volume_size": "8",
                            "root_block_device.0.volume_type": "gp2",
                            "security_groups.#": "0",
                            "source_dest_check": "true",
                            "subnet_id": "subnet-fbe6f49f",
                            "tags.%": "1",
                            "tags.Name": "pubinstance",
                            "tenancy": "default",
                            "user_data": "4430fd6498339061effa6d27ccf341a1e94569d7",
                            "volume_tags.%": "0",
                            "vpc_security_group_ids.#": "1",
                            "vpc_security_group_ids.1219302251": "sg-be005bc8"
                        },
                        "meta": {
                            "e2bfb730-ecaa-11e6-8f88-34363bc7c4c0": {
                                "create": 600000000000,
                                "delete": 1200000000000,
                                "update": 600000000000
                            },
                            "schema_version": "1"
                        },
                        "tainted": false
                    },
                    "deposed": [],
                    "provider": "provider.aws"
                },
                "aws_security_group.instance": {
                    "type": "aws_security_group",
                    "depends_on": [
                        "aws_vpc.epam"
                    ],
                    "primary": {
                        "id": "sg-be005bc8",
                        "attributes": {
                            "arn": "arn:aws:ec2:us-east-1:803214338469:security-group/sg-be005bc8",
                            "description": "Managed by Terraform",
                            "egress.#": "0",
                            "id": "sg-be005bc8",
                            "ingress.#": "1",
                            "ingress.516175195.cidr_blocks.#": "1",
                            "ingress.516175195.cidr_blocks.0": "0.0.0.0/0",
                            "ingress.516175195.description": "",
                            "ingress.516175195.from_port": "8080",
                            "ingress.516175195.ipv6_cidr_blocks.#": "0",
                            "ingress.516175195.protocol": "tcp",
                            "ingress.516175195.security_groups.#": "0",
                            "ingress.516175195.self": "false",
                            "ingress.516175195.to_port": "8080",
                            "name": "terraform-example-instance",
                            "owner_id": "803214338469",
                            "revoke_rules_on_delete": "false",
                            "tags.%": "0",
                            "vpc_id": "vpc-257ce95e"
                        },
                        "meta": {
                            "e2bfb730-ecaa-11e6-8f88-34363bc7c4c0": {
                                "create": 600000000000,
                                "delete": 600000000000
                            },
                            "schema_version": "1"
                        },
                        "tainted": false
                    },
                    "deposed": [],
                    "provider": "provider.aws"
                },
                "aws_subnet.private_subnet_a": {
                    "type": "aws_subnet",
                    "depends_on": [
                        "aws_vpc.epam"
                    ],
                    "primary": {
                        "id": "subnet-a7172988",
                        "attributes": {
                            "assign_ipv6_address_on_creation": "false",
                            "availability_zone": "us-east-1b",
                            "cidr_block": "10.0.1.0/24",
                            "id": "subnet-a7172988",
                            "map_public_ip_on_launch": "false",
                            "tags.%": "1",
                            "tags.Name": "blog",
                            "vpc_id": "vpc-257ce95e"
                        },
                        "meta": {
                            "schema_version": "1"
                        },
                        "tainted": false
                    },
                    "deposed": [],
                    "provider": "provider.aws"
                },
                "aws_subnet.public_subnet_a": {
                    "type": "aws_subnet",
                    "depends_on": [
                        "aws_vpc.epam"
                    ],
                    "primary": {
                        "id": "subnet-fbe6f49f",
                        "attributes": {
                            "assign_ipv6_address_on_creation": "false",
                            "availability_zone": "us-east-1a",
                            "cidr_block": "10.0.0.0/24",
                            "id": "subnet-fbe6f49f",
                            "map_public_ip_on_launch": "false",
                            "tags.%": "1",
                            "tags.Name": "blog",
                            "vpc_id": "vpc-257ce95e"
                        },
                        "meta": {
                            "schema_version": "1"
                        },
                        "tainted": false
                    },
                    "deposed": [],
                    "provider": "provider.aws"
                },
                "aws_vpc.epam": {
                    "type": "aws_vpc",
                    "depends_on": [],
                    "primary": {
                        "id": "vpc-257ce95e",
                        "attributes": {
                            "assign_generated_ipv6_cidr_block": "false",
                            "cidr_block": "10.0.0.0/16",
                            "default_network_acl_id": "acl-493cdf33",
                            "default_route_table_id": "rtb-860180fa",
                            "default_security_group_id": "sg-0c0b507a",
                            "dhcp_options_id": "dopt-1816b461",
                            "enable_classiclink": "false",
                            "enable_classiclink_dns_support": "false",
                            "enable_dns_hostnames": "false",
                            "enable_dns_support": "true",
                            "id": "vpc-257ce95e",
                            "instance_tenancy": "default",
                            "main_route_table_id": "rtb-860180fa",
                            "tags.%": "1",
                            "tags.Name": "aws_vpc"
                        },
                        "meta": {
                            "schema_version": "1"
                        },
                        "tainted": false
                    },
                    "deposed": [],
                    "provider": "provider.aws"
                }
            },
            "depends_on": []
        }
    ]
}
